PODS:
  - NXOAuth2Client (1.2.8)

DEPENDENCIES:
  - NXOAuth2Client (~> 1.2.8)

SPEC REPOS:
  https://github.com/cocoapods/specs.git:
    - NXOAuth2Client

SPEC CHECKSUMS:
  NXOAuth2Client: 98c4d4c594edd2b289cfc34a8928653e1dab7adf

PODFILE CHECKSUM: 01bd56ed3e4a60ba8ba13d9cfcab79477552b1df

COCOAPODS: 1.5.3
