PODS:
  - CurrencyRequest (0.2.1)

DEPENDENCIES:
  - CurrencyRequest (~> 0.1)

SPEC REPOS:
  https://github.com/cocoapods/specs.git:
    - CurrencyRequest

SPEC CHECKSUMS:
  CurrencyRequest: 92588153b6d3cfcd0497d0cdded3bd9ee27a5c3f

PODFILE CHECKSUM: 6e9ff5a480dd3c09f9419de84ed54d281541c166

COCOAPODS: 1.5.3
